// !$*UTF8*$!
{
	archiveVersion = 1;
	classes = {
	};
	objectVersion = 46;
	objects = {

/* Begin PBXBuildFile section */
		668DCF5C19E1B56A009B1FD8 /* AppDelegate.swift in Sources */ = {isa = PBXBuildFile; fileRef = 668DCF5B19E1B56A009B1FD8 /* AppDelegate.swift */; };
		668DCF5E19E1B56A009B1FD8 /* MasterViewController.swift in Sources */ = {isa = PBXBuildFile; fileRef = 668DCF5D19E1B56A009B1FD8 /* MasterViewController.swift */; };
		668DCF6019E1B56A009B1FD8 /* DetailViewController.swift in Sources */ = {isa = PBXBuildFile; fileRef = 668DCF5F19E1B56A009B1FD8 /* DetailViewController.swift */; };
		668DCF6319E1B56A009B1FD8 /* Main.storyboard in Resources */ = {isa = PBXBuildFile; fileRef = 668DCF6119E1B56A009B1FD8 /* Main.storyboard */; };
		668DCF6519E1B56A009B1FD8 /* Images.xcassets in Resources */ = {isa = PBXBuildFile; fileRef = 668DCF6419E1B56A009B1FD8 /* Images.xcassets */; };
		668DCF6819E1B56A009B1FD8 /* LaunchScreen.xib in Resources */ = {isa = PBXBuildFile; fileRef = 668DCF6619E1B56A009B1FD8 /* LaunchScreen.xib */; };
		668DCF7419E1B56A009B1FD8 /* UA_SenderTests.swift in Sources */ = {isa = PBXBuildFile; fileRef = 668DCF7319E1B56A009B1FD8 /* UA_SenderTests.swift */; };
/* End PBXBuildFile section */

/* Begin PBXContainerItemProxy section */
		668DCF6E19E1B56A009B1FD8 /* PBXContainerItemProxy */ = {
			isa = PBXContainerItemProxy;
			containerPortal = 668DCF4E19E1B56A009B1FD8 /* Project object */;
			proxyType = 1;
			remoteGlobalIDString = 668DCF5519E1B56A009B1FD8;
			remoteInfo = UA_Sender;
		};
/* End PBXContainerItemProxy section */

/* Begin PBXFileReference section */
		668DCF5619E1B56A009B1FD8 /* UA_Sender.app */ = {isa = PBXFileReference; explicitFileType = wrapper.application; includeInIndex = 0; path = UA_Sender.app; sourceTree = BUILT_PRODUCTS_DIR; };
		668DCF5A19E1B56A009B1FD8 /* Info.plist */ = {isa = PBXFileReference; lastKnownFileType = text.plist.xml; path = Info.plist; sourceTree = "<group>"; };
		668DCF5B19E1B56A009B1FD8 /* AppDelegate.swift */ = {isa = PBXFileReference; lastKnownFileType = sourcecode.swift; path = AppDelegate.swift; sourceTree = "<group>"; };
		668DCF5D19E1B56A009B1FD8 /* MasterViewController.swift */ = {isa = PBXFileReference; lastKnownFileType = sourcecode.swift; path = MasterViewController.swift; sourceTree = "<group>"; };
		668DCF5F19E1B56A009B1FD8 /* DetailViewController.swift */ = {isa = PBXFileReference; lastKnownFileType = sourcecode.swift; path = DetailViewController.swift; sourceTree = "<group>"; };
		668DCF6219E1B56A009B1FD8 /* Base */ = {isa = PBXFileReference; lastKnownFileType = file.storyboard; name = Base; path = Base.lproj/Main.storyboard; sourceTree = "<group>"; };
		668DCF6419E1B56A009B1FD8 /* Images.xcassets */ = {isa = PBXFileReference; lastKnownFileType = folder.assetcatalog; path = Images.xcassets; sourceTree = "<group>"; };
		668DCF6719E1B56A009B1FD8 /* Base */ = {isa = PBXFileReference; lastKnownFileType = file.xib; name = Base; path = Base.lproj/LaunchScreen.xib; sourceTree = "<group>"; };
		668DCF6D19E1B56A009B1FD8 /* UA_SenderTests.xctest */ = {isa = PBXFileReference; explicitFileType = wrapper.cfbundle; includeInIndex = 0; path = UA_SenderTests.xctest; sourceTree = BUILT_PRODUCTS_DIR; };
		668DCF7219E1B56A009B1FD8 /* Info.plist */ = {isa = PBXFileReference; lastKnownFileType = text.plist.xml; path = Info.plist; sourceTree = "<group>"; };
		668DCF7319E1B56A009B1FD8 /* UA_SenderTests.swift */ = {isa = PBXFileReference; lastKnownFileType = sourcecode.swift; path = UA_SenderTests.swift; sourceTree = "<group>"; };
/* End PBXFileReference section */

/* Begin PBXFrameworksBuildPhase section */
		668DCF5319E1B56A009B1FD8 /* Frameworks */ = {
			isa = PBXFrameworksBuildPhase;
			buildActionMask = 2147483647;
			files = (
			);
			runOnlyForDeploymentPostprocessing = 0;
		};
		668DCF6A19E1B56A009B1FD8 /* Frameworks */ = {
			isa = PBXFrameworksBuildPhase;
			buildActionMask = 2147483647;
			files = (
			);
			runOnlyForDeploymentPostprocessing = 0;
		};
/* End PBXFrameworksBuildPhase section */

/* Begin PBXGroup section */
		668DCF4D19E1B56A009B1FD8 = {
			isa = PBXGroup;
			children = (
				668DCF5819E1B56A009B1FD8 /* UA_Sender */,
				668DCF7019E1B56A009B1FD8 /* UA_SenderTests */,
				668DCF5719E1B56A009B1FD8 /* Products */,
			);
			sourceTree = "<group>";
		};
		668DCF5719E1B56A009B1FD8 /* Products */ = {
			isa = PBXGroup;
			children = (
				668DCF5619E1B56A009B1FD8 /* UA_Sender.app */,
				668DCF6D19E1B56A009B1FD8 /* UA_SenderTests.xctest */,
			);
			name = Products;
			sourceTree = "<group>";
		};
		668DCF5819E1B56A009B1FD8 /* UA_Sender */ = {
			isa = PBXGroup;
			children = (
				668DCF5B19E1B56A009B1FD8 /* AppDelegate.swift */,
				668DCF5D19E1B56A009B1FD8 /* MasterViewController.swift */,
				668DCF5F19E1B56A009B1FD8 /* DetailViewController.swift */,
				668DCF6119E1B56A009B1FD8 /* Main.storyboard */,
				668DCF6419E1B56A009B1FD8 /* Images.xcassets */,
				668DCF6619E1B56A009B1FD8 /* LaunchScreen.xib */,
				668DCF5919E1B56A009B1FD8 /* Supporting Files */,
			);
			path = UA_Sender;
			sourceTree = "<group>";
		};
		668DCF5919E1B56A009B1FD8 /* Supporting Files */ = {
			isa = PBXGroup;
			children = (
				668DCF5A19E1B56A009B1FD8 /* Info.plist */,
			);
			name = "Supporting Files";
			sourceTree = "<group>";
		};
		668DCF7019E1B56A009B1FD8 /* UA_SenderTests */ = {
			isa = PBXGroup;
			children = (
				668DCF7319E1B56A009B1FD8 /* UA_SenderTests.swift */,
				668DCF7119E1B56A009B1FD8 /* Supporting Files */,
			);
			path = UA_SenderTests;
			sourceTree = "<group>";
		};
		668DCF7119E1B56A009B1FD8 /* Supporting Files */ = {
			isa = PBXGroup;
			children = (
				668DCF7219E1B56A009B1FD8 /* Info.plist */,
			);
			name = "Supporting Files";
			sourceTree = "<group>";
		};
/* End PBXGroup section */

/* Begin PBXNativeTarget section */
		668DCF5519E1B56A009B1FD8 /* UA_Sender */ = {
			isa = PBXNativeTarget;
			buildConfigurationList = 668DCF7719E1B56A009B1FD8 /* Build configuration list for PBXNativeTarget "UA_Sender" */;
			buildPhases = (
				668DCF5219E1B56A009B1FD8 /* Sources */,
				668DCF5319E1B56A009B1FD8 /* Frameworks */,
				668DCF5419E1B56A009B1FD8 /* Resources */,
			);
			buildRules = (
			);
			dependencies = (
			);
			name = UA_Sender;
			productName = UA_Sender;
			productReference = 668DCF5619E1B56A009B1FD8 /* UA_Sender.app */;
			productType = "com.apple.product-type.application";
		};
		668DCF6C19E1B56A009B1FD8 /* UA_SenderTests */ = {
			isa = PBXNativeTarget;
			buildConfigurationList = 668DCF7A19E1B56A009B1FD8 /* Build configuration list for PBXNativeTarget "UA_SenderTests" */;
			buildPhases = (
				668DCF6919E1B56A009B1FD8 /* Sources */,
				668DCF6A19E1B56A009B1FD8 /* Frameworks */,
				668DCF6B19E1B56A009B1FD8 /* Resources */,
			);
			buildRules = (
			);
			dependencies = (
				668DCF6F19E1B56A009B1FD8 /* PBXTargetDependency */,
			);
			name = UA_SenderTests;
			productName = UA_SenderTests;
			productReference = 668DCF6D19E1B56A009B1FD8 /* UA_SenderTests.xctest */;
			productType = "com.apple.product-type.bundle.unit-test";
		};
/* End PBXNativeTarget section */

/* Begin PBXProject section */
		668DCF4E19E1B56A009B1FD8 /* Project object */ = {
			isa = PBXProject;
			attributes = {
				LastUpgradeCheck = 0600;
				ORGANIZATIONNAME = "Andrei Stephens";
				TargetAttributes = {
					668DCF5519E1B56A009B1FD8 = {
						CreatedOnToolsVersion = 6.0.1;
					};
					668DCF6C19E1B56A009B1FD8 = {
						CreatedOnToolsVersion = 6.0.1;
						TestTargetID = 668DCF5519E1B56A009B1FD8;
					};
				};
			};
			buildConfigurationList = 668DCF5119E1B56A009B1FD8 /* Build configuration list for PBXProject "UA_Sender" */;
			compatibilityVersion = "Xcode 3.2";
			developmentRegion = English;
			hasScannedForEncodings = 0;
			knownRegions = (
				en,
				Base,
			);
			mainGroup = 668DCF4D19E1B56A009B1FD8;
			productRefGroup = 668DCF5719E1B56A009B1FD8 /* Products */;
			projectDirPath = "";
			projectRoot = "";
			targets = (
				668DCF5519E1B56A009B1FD8 /* UA_Sender */,
				668DCF6C19E1B56A009B1FD8 /* UA_SenderTests */,
			);
		};
/* End PBXProject section */

/* Begin PBXResourcesBuildPhase section */
		668DCF5419E1B56A009B1FD8 /* Resources */ = {
			isa = PBXResourcesBuildPhase;
			buildActionMask = 2147483647;
			files = (
				668DCF6319E1B56A009B1FD8 /* Main.storyboard in Resources */,
				668DCF6819E1B56A009B1FD8 /* LaunchScreen.xib in Resources */,
				668DCF6519E1B56A009B1FD8 /* Images.xcassets in Resources */,
			);
			runOnlyForDeploymentPostprocessing = 0;
		};
		668DCF6B19E1B56A009B1FD8 /* Resources */ = {
			isa = PBXResourcesBuildPhase;
			buildActionMask = 2147483647;
			files = (
			);
			runOnlyForDeploymentPostprocessing = 0;
		};
/* End PBXResourcesBuildPhase section */

/* Begin PBXSourcesBuildPhase section */
		668DCF5219E1B56A009B1FD8 /* Sources */ = {
			isa = PBXSourcesBuildPhase;
			buildActionMask = 2147483647;
			files = (
				668DCF6019E1B56A009B1FD8 /* DetailViewController.swift in Sources */,
				668DCF5E19E1B56A009B1FD8 /* MasterViewController.swift in Sources */,
				668DCF5C19E1B56A009B1FD8 /* AppDelegate.swift in Sources */,
			);
			runOnlyForDeploymentPostprocessing = 0;
		};
		668DCF6919E1B56A009B1FD8 /* Sources */ = {
			isa = PBXSourcesBuildPhase;
			buildActionMask = 2147483647;
			files = (
				668DCF7419E1B56A009B1FD8 /* UA_SenderTests.swift in Sources */,
			);
			runOnlyForDeploymentPostprocessing = 0;
		};
/* End PBXSourcesBuildPhase section */

/* Begin PBXTargetDependency section */
		668DCF6F19E1B56A009B1FD8 /* PBXTargetDependency */ = {
			isa = PBXTargetDependency;
			target = 668DCF5519E1B56A009B1FD8 /* UA_Sender */;
			targetProxy = 668DCF6E19E1B56A009B1FD8 /* PBXContainerItemProxy */;
		};
/* End PBXTargetDependency section */

/* Begin PBXVariantGroup section */
		668DCF6119E1B56A009B1FD8 /* Main.storyboard */ = {
			isa = PBXVariantGroup;
			children = (
				668DCF6219E1B56A009B1FD8 /* Base */,
			);
			name = Main.storyboard;
			sourceTree = "<group>";
		};
		668DCF6619E1B56A009B1FD8 /* LaunchScreen.xib */ = {
			isa = PBXVariantGroup;
			children = (
				668DCF6719E1B56A009B1FD8 /* Base */,
			);
			name = LaunchScreen.xib;
			sourceTree = "<group>";
		};
/* End PBXVariantGroup section */

/* Begin XCBuildConfiguration section */
		668DCF7519E1B56A009B1FD8 /* Debug */ = {
			isa = XCBuildConfiguration;
			buildSettings = {
				ALWAYS_SEARCH_USER_PATHS = NO;
				CLANG_CXX_LANGUAGE_STANDARD = "gnu++0x";
				CLANG_CXX_LIBRARY = "libc++";
				CLANG_ENABLE_MODULES = YES;
				CLANG_ENABLE_OBJC_ARC = YES;
				CLANG_WARN_BOOL_CONVERSION = YES;
				CLANG_WARN_CONSTANT_CONVERSION = YES;
				CLANG_WARN_DIRECT_OBJC_ISA_USAGE = YES_ERROR;
				CLANG_WARN_EMPTY_BODY = YES;
				CLANG_WARN_ENUM_CONVERSION = YES;
				CLANG_WARN_INT_CONVERSION = YES;
				CLANG_WARN_OBJC_ROOT_CLASS = YES_ERROR;
				CLANG_WARN_UNREACHABLE_CODE = YES;
				CLANG_WARN__DUPLICATE_METHOD_MATCH = YES;
				"CODE_SIGN_IDENTITY[sdk=iphoneos*]" = "iPhone Developer";
				COPY_PHASE_STRIP = NO;
				ENABLE_STRICT_OBJC_MSGSEND = YES;
				GCC_C_LANGUAGE_STANDARD = gnu99;
				GCC_DYNAMIC_NO_PIC = NO;
				GCC_OPTIMIZATION_LEVEL = 0;
				GCC_PREPROCESSOR_DEFINITIONS = (
					"DEBUG=1",
					"$(inherited)",
				);
				GCC_SYMBOLS_PRIVATE_EXTERN = NO;
				GCC_WARN_64_TO_32_BIT_CONVERSION = YES;
				GCC_WARN_ABOUT_RETURN_TYPE = YES_ERROR;
				GCC_WARN_UNDECLARED_SELECTOR = YES;
				GCC_WARN_UNINITIALIZED_AUTOS = YES_AGGRESSIVE;
				GCC_WARN_UNUSED_FUNCTION = YES;
				GCC_WARN_UNUSED_VARIABLE = YES;
				IPHONEOS_DEPLOYMENT_TARGET = 8.0;
				MTL_ENABLE_DEBUG_INFO = YES;
				ONLY_ACTIVE_ARCH = YES;
				SDKROOT = iphoneos;
				SWIFT_OPTIMIZATION_LEVEL = "-Onone";
			};
			name = Debug;
		};
		668DCF7619E1B56A009B1FD8 /* Release */ = {
			isa = XCBuildConfiguration;
			buildSettings = {
				ALWAYS_SEARCH_USER_PATHS = NO;
				CLANG_CXX_LANGUAGE_STANDARD = "gnu++0x";
				CLANG_CXX_LIBRARY = "libc++";
				CLANG_ENABLE_MODULES = YES;
				CLANG_ENABLE_OBJC_ARC = YES;
				CLANG_WARN_BOOL_CONVERSION = YES;
				CLANG_WARN_CONSTANT_CONVERSION = YES;
				CLANG_WARN_DIRECT_OBJC_ISA_USAGE = YES_ERROR;
				CLANG_WARN_EMPTY_BODY = YES;
				CLANG_WARN_ENUM_CONVERSION = YES;
				CLANG_WARN_INT_CONVERSION = YES;
				CLANG_WARN_OBJC_ROOT_CLASS = YES_ERROR;
				CLANG_WARN_UNREACHABLE_CODE = YES;
				CLANG_WARN__DUPLICATE_METHOD_MATCH = YES;
				"CODE_SIGN_IDENTITY[sdk=iphoneos*]" = "iPhone Developer";
				COPY_PHASE_STRIP = YES;
				ENABLE_NS_ASSERTIONS = NO;
				ENABLE_STRICT_OBJC_MSGSEND = YES;
				GCC_C_LANGUAGE_STANDARD = gnu99;
				GCC_WARN_64_TO_32_BIT_CONVERSION = YES;
				GCC_WARN_ABOUT_RETURN_TYPE = YES_ERROR;
				GCC_WARN_UNDECLARED_SELECTOR = YES;
				GCC_WARN_UNINITIALIZED_AUTOS = YES_AGGRESSIVE;
				GCC_WARN_UNUSED_FUNCTION = YES;
				GCC_WARN_UNUSED_VARIABLE = YES;
				IPHONEOS_DEPLOYMENT_TARGET = 8.0;
				MTL_ENABLE_DEBUG_INFO = NO;
				SDKROOT = iphoneos;
				VALIDATE_PRODUCT = YES;
			};
			name = Release;
		};
		668DCF7819E1B56A009B1FD8 /* Debug */ = {
			isa = XCBuildConfiguration;
			buildSettings = {
				ASSETCATALOG_COMPILER_APPICON_NAME = AppIcon;
				INFOPLIST_FILE = UA_Sender/Info.plist;
				LD_RUNPATH_SEARCH_PATHS = "$(inherited) @executable_path/Frameworks";
				PRODUCT_NAME = "$(TARGET_NAME)";
			};
			name = Debug;
		};
		668DCF7919E1B56A009B1FD8 /* Release */ = {
			isa = XCBuildConfiguration;
			buildSettings = {
				ASSETCATALOG_COMPILER_APPICON_NAME = AppIcon;
				INFOPLIST_FILE = UA_Sender/Info.plist;
				LD_RUNPATH_SEARCH_PATHS = "$(inherited) @executable_path/Frameworks";
				PRODUCT_NAME = "$(TARGET_NAME)";
			};
			name = Release;
		};
		668DCF7B19E1B56A009B1FD8 /* Debug */ = {
			isa = XCBuildConfiguration;
			buildSettings = {
				BUNDLE_LOADER = "$(TEST_HOST)";
				FRAMEWORK_SEARCH_PATHS = (
					"$(SDKROOT)/Developer/Library/Frameworks",
					"$(inherited)",
				);
				GCC_PREPROCESSOR_DEFINITIONS = (
					"DEBUG=1",
					"$(inherited)",
				);
				INFOPLIST_FILE = UA_SenderTests/Info.plist;
				LD_RUNPATH_SEARCH_PATHS = "$(inherited) @executable_path/Frameworks @loader_path/Frameworks";
				PRODUCT_NAME = "$(TARGET_NAME)";
				TEST_HOST = "$(BUILT_PRODUCTS_DIR)/UA_Sender.app/UA_Sender";
			};
			name = Debug;
		};
		668DCF7C19E1B56A009B1FD8 /* Release */ = {
			isa = XCBuildConfiguration;
			buildSettings = {
				BUNDLE_LOADER = "$(TEST_HOST)";
				FRAMEWORK_SEARCH_PATHS = (
					"$(SDKROOT)/Developer/Library/Frameworks",
					"$(inherited)",
				);
				INFOPLIST_FILE = UA_SenderTests/Info.plist;
				LD_RUNPATH_SEARCH_PATHS = "$(inherited) @executable_path/Frameworks @loader_path/Frameworks";
				PRODUCT_NAME = "$(TARGET_NAME)";
				TEST_HOST = "$(BUILT_PRODUCTS_DIR)/UA_Sender.app/UA_Sender";
			};
			name = Release;
		};
/* End XCBuildConfiguration section */

/* Begin XCConfigurationList section */
		668DCF5119E1B56A009B1FD8 /* Build configuration list for PBXProject "UA_Sender" */ = {
			isa = XCConfigurationList;
			buildConfigurations = (
				668DCF7519E1B56A009B1FD8 /* Debug */,
				668DCF7619E1B56A009B1FD8 /* Release */,
			);
			defaultConfigurationIsVisible = 0;
			defaultConfigurationName = Release;
		};
		668DCF7719E1B56A009B1FD8 /* Build configuration list for PBXNativeTarget "UA_Sender" */ = {
			isa = XCConfigurationList;
			buildConfigurations = (
				668DCF7819E1B56A009B1FD8 /* Debug */,
				668DCF7919E1B56A009B1FD8 /* Release */,
			);
			defaultConfigurationIsVisible = 0;
		};
		668DCF7A19E1B56A009B1FD8 /* Build configuration list for PBXNativeTarget "UA_SenderTests" */ = {
			isa = XCConfigurationList;
			buildConfigurations = (
				668DCF7B19E1B56A009B1FD8 /* Debug */,
				668DCF7C19E1B56A009B1FD8 /* Release */,
			);
			defaultConfigurationIsVisible = 0;
		};
/* End XCConfigurationList section */
	};
	rootObject = 668DCF4E19E1B56A009B1FD8 /* Project object */;
}
